<?xml version="1.0" encoding="UTF-8" standalone="yes" ?>
<CodeBlocks_project_file>
	<FileVersion major="1" minor="6" />
	<Project>
		<Option title="Hotel Management System" />
		<Option pch_mode="2" />
		<Option compiler="gcc" />
		<Build>
			<Target title="Debug">
				<Option output="bin/Debug/Hotel Management System" prefix_auto="1" extension_auto="1" />
				<Option object_output="obj/Debug/" />
				<Option type="1" />
				<Option compiler="gcc" />
				<Compiler>
					<Add option="-g" />
				</Compiler>
			</Target>
		</Build>
		<Compiler>
			<Add option="-Wall" />
		</Compiler>
		<Unit filename="about_us.c">
			<Option compilerVar="CC" />
		</Unit>
		<Unit filename="availability_status.c">
			<Option compilerVar="CC" />
		</Unit>
		<Unit filename="booking.c">
			<Option compilerVar="CC" />
		</Unit>
		<Unit filename="cancellation.c">
			<Option compilerVar="CC" />
		</Unit>
		<Unit filename="check_in-out.c">
			<Option compilerVar="CC" />
		</Unit>
		<Unit filename="check_roomnumber.c">
			<Option compilerVar="CC" />
		</Unit>
		<Unit filename="choice.c">
			<Option compilerVar="CC" />
		</Unit>
		<Unit filename="customer_details.c">
			<Option compilerVar="CC" />
		</Unit>
		<Unit filename="customer_records.c">
			<Option compilerVar="CC" />
		</Unit>
		<Unit filename="date_check.c">
			<Option compilerVar="CC" />
		</Unit>
		<Unit filename="day_number.c">
			<Option compilerVar="CC" />
		</Unit>
		<Unit filename="display_rooms.c">
			<Option compilerVar="CC" />
		</Unit>
		<Unit filename="login.c">
			<Option compilerVar="CC" />
		</Unit>
		<Unit filename="main.c">
			<Option compilerVar="CC" />
		</Unit>
		<Unit filename="period_check.c">
			<Option compilerVar="CC" />
		</Unit>
		<Extensions>
			<lib_finder disable_auto="1" />
		</Extensions>
	</Project>
</CodeBlocks_project_file>
